
Microsoft Visual Studio Solution File, Format Version 12.00
# Visual Studio 15
Project("{FAE04EC0-301F-11D3-BF4B-00C04F79EFBC}") = "Polar", "Polar\Polar.csproj", "{88C65B18-D5FD-4F1C-97B2-D650AFBF592D}"
EndProject
Project("{FAE04EC0-301F-11D3-BF4B-00C04F79EFBC}") = "Polar.UITests", "Polar.UITests\Polar.UITests.csproj", "{637DAE27-275D-44CE-92EE-8AEDFEB37D96}"
EndProject
Global
	GlobalSection(SolutionConfigurationPlatforms) = preSolution
		Debug|Any CPU = Debug|Any CPU
		Release|Any CPU = Release|Any CPU
	EndGlobalSection
	GlobalSection(ProjectConfigurationPlatforms) = postSolution
		{88C65B18-D5FD-4F1C-97B2-D650AFBF592D}.Debug|Any CPU.ActiveCfg = Debug|Any CPU
		{88C65B18-D5FD-4F1C-97B2-D650AFBF592D}.Debug|Any CPU.Build.0 = Debug|Any CPU
		{88C65B18-D5FD-4F1C-97B2-D650AFBF592D}.Release|Any CPU.ActiveCfg = Release|Any CPU
		{88C65B18-D5FD-4F1C-97B2-D650AFBF592D}.Release|Any CPU.Build.0 = Release|Any CPU
		{637DAE27-275D-44CE-92EE-8AEDFEB37D96}.Debug|Any CPU.ActiveCfg = Debug|Any CPU
		{637DAE27-275D-44CE-92EE-8AEDFEB37D96}.Debug|Any CPU.Build.0 = Debug|Any CPU
		{637DAE27-275D-44CE-92EE-8AEDFEB37D96}.Release|Any CPU.ActiveCfg = Release|Any CPU
		{637DAE27-275D-44CE-92EE-8AEDFEB37D96}.Release|Any CPU.Build.0 = Release|Any CPU
	EndGlobalSection
EndGlobal
