
Microsoft Visual Studio Solution File, Format Version 12.00
# Visual Studio 15
Project("{FAE04EC0-301F-11D3-BF4B-00C04F79EFBC}") = "Polar", "Polar\Polar.csproj", "{88C65B18-D5FD-4F1C-97B2-D650AFBF592D}"
EndProject
Project("{FAE04EC0-301F-11D3-BF4B-00C04F79EFBC}") = "Polar.UITests", "Polar.UITests\Polar.UITests.csproj", "{637DAE27-275D-44CE-92EE-8AEDFEB37D96}"
EndProject
Project("{FAE04EC0-301F-11D3-BF4B-00C04F79EFBC}") = "Polar.iOS", "Polar.iOS\Polar.iOS.csproj", "{7A947A10-6EF1-4623-8035-23568114D43E}"
EndProject
Global
	GlobalSection(SolutionConfigurationPlatforms) = preSolution
		Debug|Any CPU = Debug|Any CPU
		Release|Any CPU = Release|Any CPU
		Debug|iPhoneSimulator = Debug|iPhoneSimulator
		Release|iPhoneSimulator = Release|iPhoneSimulator
		Debug|iPhone = Debug|iPhone
		Release|iPhone = Release|iPhone
	EndGlobalSection
	GlobalSection(ProjectConfigurationPlatforms) = postSolution
		{88C65B18-D5FD-4F1C-97B2-D650AFBF592D}.Debug|Any CPU.ActiveCfg = Debug|Any CPU
		{88C65B18-D5FD-4F1C-97B2-D650AFBF592D}.Debug|Any CPU.Build.0 = Debug|Any CPU
		{88C65B18-D5FD-4F1C-97B2-D650AFBF592D}.Release|Any CPU.ActiveCfg = Release|Any CPU
		{88C65B18-D5FD-4F1C-97B2-D650AFBF592D}.Release|Any CPU.Build.0 = Release|Any CPU
		{88C65B18-D5FD-4F1C-97B2-D650AFBF592D}.Debug|iPhoneSimulator.ActiveCfg = Debug|Any CPU
		{88C65B18-D5FD-4F1C-97B2-D650AFBF592D}.Debug|iPhoneSimulator.Build.0 = Debug|Any CPU
		{88C65B18-D5FD-4F1C-97B2-D650AFBF592D}.Release|iPhoneSimulator.ActiveCfg = Release|Any CPU
		{88C65B18-D5FD-4F1C-97B2-D650AFBF592D}.Release|iPhoneSimulator.Build.0 = Release|Any CPU
		{88C65B18-D5FD-4F1C-97B2-D650AFBF592D}.Debug|iPhone.ActiveCfg = Debug|Any CPU
		{88C65B18-D5FD-4F1C-97B2-D650AFBF592D}.Debug|iPhone.Build.0 = Debug|Any CPU
		{88C65B18-D5FD-4F1C-97B2-D650AFBF592D}.Release|iPhone.ActiveCfg = Release|Any CPU
		{88C65B18-D5FD-4F1C-97B2-D650AFBF592D}.Release|iPhone.Build.0 = Release|Any CPU
		{637DAE27-275D-44CE-92EE-8AEDFEB37D96}.Debug|Any CPU.ActiveCfg = Debug|Any CPU
		{637DAE27-275D-44CE-92EE-8AEDFEB37D96}.Debug|Any CPU.Build.0 = Debug|Any CPU
		{637DAE27-275D-44CE-92EE-8AEDFEB37D96}.Release|Any CPU.ActiveCfg = Release|Any CPU
		{637DAE27-275D-44CE-92EE-8AEDFEB37D96}.Release|Any CPU.Build.0 = Release|Any CPU
		{637DAE27-275D-44CE-92EE-8AEDFEB37D96}.Debug|iPhoneSimulator.ActiveCfg = Debug|Any CPU
		{637DAE27-275D-44CE-92EE-8AEDFEB37D96}.Debug|iPhoneSimulator.Build.0 = Debug|Any CPU
		{637DAE27-275D-44CE-92EE-8AEDFEB37D96}.Release|iPhoneSimulator.ActiveCfg = Release|Any CPU
		{637DAE27-275D-44CE-92EE-8AEDFEB37D96}.Release|iPhoneSimulator.Build.0 = Release|Any CPU
		{637DAE27-275D-44CE-92EE-8AEDFEB37D96}.Debug|iPhone.ActiveCfg = Debug|Any CPU
		{637DAE27-275D-44CE-92EE-8AEDFEB37D96}.Debug|iPhone.Build.0 = Debug|Any CPU
		{637DAE27-275D-44CE-92EE-8AEDFEB37D96}.Release|iPhone.ActiveCfg = Release|Any CPU
		{637DAE27-275D-44CE-92EE-8AEDFEB37D96}.Release|iPhone.Build.0 = Release|Any CPU
		{7A947A10-6EF1-4623-8035-23568114D43E}.Debug|Any CPU.ActiveCfg = Debug|iPhoneSimulator
		{7A947A10-6EF1-4623-8035-23568114D43E}.Debug|Any CPU.Build.0 = Debug|iPhoneSimulator
		{7A947A10-6EF1-4623-8035-23568114D43E}.Release|Any CPU.ActiveCfg = Release|iPhoneSimulator
		{7A947A10-6EF1-4623-8035-23568114D43E}.Release|Any CPU.Build.0 = Release|iPhoneSimulator
		{7A947A10-6EF1-4623-8035-23568114D43E}.Debug|iPhoneSimulator.ActiveCfg = Debug|iPhoneSimulator
		{7A947A10-6EF1-4623-8035-23568114D43E}.Debug|iPhoneSimulator.Build.0 = Debug|iPhoneSimulator
		{7A947A10-6EF1-4623-8035-23568114D43E}.Release|iPhoneSimulator.ActiveCfg = Release|iPhoneSimulator
		{7A947A10-6EF1-4623-8035-23568114D43E}.Release|iPhoneSimulator.Build.0 = Release|iPhoneSimulator
		{7A947A10-6EF1-4623-8035-23568114D43E}.Debug|iPhone.ActiveCfg = Debug|iPhone
		{7A947A10-6EF1-4623-8035-23568114D43E}.Debug|iPhone.Build.0 = Debug|iPhone
		{7A947A10-6EF1-4623-8035-23568114D43E}.Release|iPhone.ActiveCfg = Release|iPhone
		{7A947A10-6EF1-4623-8035-23568114D43E}.Release|iPhone.Build.0 = Release|iPhone
	EndGlobalSection
EndGlobal
